
Microsoft Visual Studio Solution File, Format Version 12.00
# Visual Studio 14
VisualStudioVersion = 14.0.24720.0
MinimumVisualStudioVersion = 10.0.40219.1
Project("{FAE04EC0-301F-11D3-BF4B-00C04F79EFBC}") = "CarStore", "CarStore\CarStore.csproj", "{0D133F67-1DF6-40E2-9F96-7BB1F5F19EEE}"
EndProject
Project("{FAE04EC0-301F-11D3-BF4B-00C04F79EFBC}") = "UnitTestProject1", "UnitTestProject1\UnitTestProject1.csproj", "{6691CEE4-DCF7-43F4-B58D-5EDF22605BC9}"
EndProject
Project("{FAE04EC0-301F-11D3-BF4B-00C04F79EFBC}") = "BLL", "BLL\BLL.csproj", "{A931732B-561A-4A74-89F1-645141790702}"
EndProject
Project("{FAE04EC0-301F-11D3-BF4B-00C04F79EFBC}") = "DAL", "DAL\DAL.csproj", "{6B7A4F87-D5F1-402D-9552-14DC153B6450}"
EndProject
Global
	GlobalSection(SolutionConfigurationPlatforms) = preSolution
		Debug|Any CPU = Debug|Any CPU
		Release|Any CPU = Release|Any CPU
	EndGlobalSection
	GlobalSection(ProjectConfigurationPlatforms) = postSolution
		{0D133F67-1DF6-40E2-9F96-7BB1F5F19EEE}.Debug|Any CPU.ActiveCfg = Debug|Any CPU
		{0D133F67-1DF6-40E2-9F96-7BB1F5F19EEE}.Debug|Any CPU.Build.0 = Debug|Any CPU
		{0D133F67-1DF6-40E2-9F96-7BB1F5F19EEE}.Release|Any CPU.ActiveCfg = Release|Any CPU
		{0D133F67-1DF6-40E2-9F96-7BB1F5F19EEE}.Release|Any CPU.Build.0 = Release|Any CPU
		{6691CEE4-DCF7-43F4-B58D-5EDF22605BC9}.Debug|Any CPU.ActiveCfg = Debug|Any CPU
		{6691CEE4-DCF7-43F4-B58D-5EDF22605BC9}.Debug|Any CPU.Build.0 = Debug|Any CPU
		{6691CEE4-DCF7-43F4-B58D-5EDF22605BC9}.Release|Any CPU.ActiveCfg = Release|Any CPU
		{6691CEE4-DCF7-43F4-B58D-5EDF22605BC9}.Release|Any CPU.Build.0 = Release|Any CPU
		{A931732B-561A-4A74-89F1-645141790702}.Debug|Any CPU.ActiveCfg = Debug|Any CPU
		{A931732B-561A-4A74-89F1-645141790702}.Debug|Any CPU.Build.0 = Debug|Any CPU
		{A931732B-561A-4A74-89F1-645141790702}.Release|Any CPU.ActiveCfg = Release|Any CPU
		{A931732B-561A-4A74-89F1-645141790702}.Release|Any CPU.Build.0 = Release|Any CPU
		{6B7A4F87-D5F1-402D-9552-14DC153B6450}.Debug|Any CPU.ActiveCfg = Debug|Any CPU
		{6B7A4F87-D5F1-402D-9552-14DC153B6450}.Debug|Any CPU.Build.0 = Debug|Any CPU
		{6B7A4F87-D5F1-402D-9552-14DC153B6450}.Release|Any CPU.ActiveCfg = Release|Any CPU
		{6B7A4F87-D5F1-402D-9552-14DC153B6450}.Release|Any CPU.Build.0 = Release|Any CPU
	EndGlobalSection
	GlobalSection(SolutionProperties) = preSolution
		HideSolutionNode = FALSE
	EndGlobalSection
EndGlobal
